
Microsoft Visual Studio Solution File, Format Version 12.00
# Visual Studio Version 16
VisualStudioVersion = 16.0.31005.135
MinimumVisualStudioVersion = 10.0.40219.1
Project("{9A19103F-16F7-4668-BE54-9A1E7A4F7556}") = "StackoverflowTags", "StackoverflowTags\StackoverflowTags.csproj", "{1617D8EE-8EF9-4331-A84B-E8C78B0A1EB6}"
EndProject
Project("{9A19103F-16F7-4668-BE54-9A1E7A4F7556}") = "StackoverflowTags.Types", "StackoverflowTags.Types\StackoverflowTags.Types.csproj", "{E7FF59EB-992B-460C-B8C8-4372A7A3E25E}"
EndProject
Project("{FAE04EC0-301F-11D3-BF4B-00C04F79EFBC}") = "StackoverflowTags.Data", "StackoverflowTags.Data\StackoverflowTags.Data.csproj", "{2A206289-6AAB-4B68-805E-4000EC3A2818}"
EndProject
Global
	GlobalSection(SolutionConfigurationPlatforms) = preSolution
		Debug|Any CPU = Debug|Any CPU
		Release|Any CPU = Release|Any CPU
	EndGlobalSection
	GlobalSection(ProjectConfigurationPlatforms) = postSolution
		{1617D8EE-8EF9-4331-A84B-E8C78B0A1EB6}.Debug|Any CPU.ActiveCfg = Debug|Any CPU
		{1617D8EE-8EF9-4331-A84B-E8C78B0A1EB6}.Debug|Any CPU.Build.0 = Debug|Any CPU
		{1617D8EE-8EF9-4331-A84B-E8C78B0A1EB6}.Release|Any CPU.ActiveCfg = Release|Any CPU
		{1617D8EE-8EF9-4331-A84B-E8C78B0A1EB6}.Release|Any CPU.Build.0 = Release|Any CPU
		{E7FF59EB-992B-460C-B8C8-4372A7A3E25E}.Debug|Any CPU.ActiveCfg = Debug|Any CPU
		{E7FF59EB-992B-460C-B8C8-4372A7A3E25E}.Debug|Any CPU.Build.0 = Debug|Any CPU
		{E7FF59EB-992B-460C-B8C8-4372A7A3E25E}.Release|Any CPU.ActiveCfg = Release|Any CPU
		{E7FF59EB-992B-460C-B8C8-4372A7A3E25E}.Release|Any CPU.Build.0 = Release|Any CPU
		{2A206289-6AAB-4B68-805E-4000EC3A2818}.Debug|Any CPU.ActiveCfg = Debug|Any CPU
		{2A206289-6AAB-4B68-805E-4000EC3A2818}.Debug|Any CPU.Build.0 = Debug|Any CPU
		{2A206289-6AAB-4B68-805E-4000EC3A2818}.Release|Any CPU.ActiveCfg = Release|Any CPU
		{2A206289-6AAB-4B68-805E-4000EC3A2818}.Release|Any CPU.Build.0 = Release|Any CPU
	EndGlobalSection
	GlobalSection(SolutionProperties) = preSolution
		HideSolutionNode = FALSE
	EndGlobalSection
	GlobalSection(ExtensibilityGlobals) = postSolution
		SolutionGuid = {D6D8649F-921E-4AB9-8B1E-15952E87EDC4}
	EndGlobalSection
EndGlobal
